
Microsoft Visual Studio Solution File, Format Version 12.00
# Visual Studio Version 17
VisualStudioVersion = 17.3.32929.385
MinimumVisualStudioVersion = 10.0.40219.1
Project("{FAE04EC0-301F-11D3-BF4B-00C04F79EFBC}") = "tomb3_ConfigTool", "tomb3_ConfigTool\tomb3_ConfigTool.csproj", "{8F847617-2B32-4A36-B4F0-44C5587DE54F}"
EndProject
Global
	GlobalSection(SolutionConfigurationPlatforms) = preSolution
		Debug|Any CPU = Debug|Any CPU
		Release|Any CPU = Release|Any CPU
	EndGlobalSection
	GlobalSection(ProjectConfigurationPlatforms) = postSolution
		{8F847617-2B32-4A36-B4F0-44C5587DE54F}.Debug|Any CPU.ActiveCfg = Debug|Any CPU
		{8F847617-2B32-4A36-B4F0-44C5587DE54F}.Debug|Any CPU.Build.0 = Debug|Any CPU
		{8F847617-2B32-4A36-B4F0-44C5587DE54F}.Release|Any CPU.ActiveCfg = Release|Any CPU
		{8F847617-2B32-4A36-B4F0-44C5587DE54F}.Release|Any CPU.Build.0 = Release|Any CPU
	EndGlobalSection
	GlobalSection(SolutionProperties) = preSolution
		HideSolutionNode = FALSE
	EndGlobalSection
	GlobalSection(ExtensibilityGlobals) = postSolution
		SolutionGuid = {F8089E40-DA5E-4755-85AB-1C246F427185}
	EndGlobalSection
EndGlobal
